<?xml version="1.0" encoding="utf-8"?>
<Project ToolsVersion="4.0" xmlns="http://schemas.microsoft.com/developer/msbuild/2003">
  <ItemGroup>
    <Filter Include="Source Files">
      <UniqueIdentifier>{4FC737F1-C7A5-4376-A066-2A32D752A2FF}</UniqueIdentifier>
      <Extensions>cpp;c;cc;cxx;def;odl;idl;hpj;bat;asm;asmx</Extensions>
    </Filter>
    <Filter Include="Header Files">
      <UniqueIdentifier>{93995380-89BD-4b04-88EB-625FBE52EBFB}</UniqueIdentifier>
      <Extensions>h;hh;hpp;hxx;hm;inl;inc;xsd</Extensions>
    </Filter>
    <Filter Include="Resource Files">
      <UniqueIdentifier>{67DA6AB6-F800-4c08-8B7A-83BB121AAD01}</UniqueIdentifier>
      <Extensions>rc;ico;cur;bmp;dlg;rc2;rct;bin;rgs;gif;jpg;jpeg;jpe;resx;tiff;tif;png;wav;mfcribbon-ms</Extensions>
    </Filter>
    <Filter Include="Source Files\UI">
      <UniqueIdentifier>{322096a3-7126-4ea8-84a2-7bf11e451a16}</UniqueIdentifier>
    </Filter>
    <Filter Include="Source Files\BL">
      <UniqueIdentifier>{30429b93-b175-4b90-8aff-db67287ced05}</UniqueIdentifier>
    </Filter>
    <Filter Include="Source Files\DL">
      <UniqueIdentifier>{727d6b05-a663-40d1-9d0a-1a6cd153d675}</UniqueIdentifier>
    </Filter>
    <Filter Include="Header Files\UI">
      <UniqueIdentifier>{00eaf757-ebcd-4936-9e19-8a758d455f5c}</UniqueIdentifier>
    </Filter>
    <Filter Include="Header Files\BL">
      <UniqueIdentifier>{454007f0-afdd-47be-b51f-b1a0a92a016b}</UniqueIdentifier>
    </Filter>
    <Filter Include="Header Files\DL">
      <UniqueIdentifier>{113804e5-8a4a-44d3-868a-4f4a469bbef0}</UniqueIdentifier>
    </Filter>
  </ItemGroup>
  <ItemGroup>
    <ClCompile Include="main.cpp">
      <Filter>Source Files</Filter>
    </ClCompile>
    <ClCompile Include="Application.cpp">
      <Filter>Source Files</Filter>
    </ClCompile>
    <ClCompile Include="Screen.cpp">
      <Filter>Source Files\UI</Filter>
    </ClCompile>
    <ClCompile Include="TransitionsSwitcher.cpp">
      <Filter>Source Files\UI</Filter>
    </ClCompile>
    <ClCompile Include="UiFactory.cpp">
      <Filter>Source Files\UI</Filter>
    </ClCompile>
    <ClCompile Include="UiTester.cpp">
      <Filter>Source Files\UI</Filter>
    </ClCompile>
    <ClCompile Include="View.cpp">
      <Filter>Source Files\UI</Filter>
    </ClCompile>
    <ClCompile Include="DataAccessor.cpp">
      <Filter>Source Files\DL</Filter>
    </ClCompile>
    <ClCompile Include="DLWrapper.cpp">
      <Filter>Source Files\DL</Filter>
    </ClCompile>
    <ClCompile Include="TranslateManager.cpp">
      <Filter>Source Files\BL</Filter>
    </ClCompile>
    <ClCompile Include="WordTranslator.cpp">
      <Filter>Source Files\BL</Filter>
    </ClCompile>
    <ClCompile Include="WordSaver.cpp">
      <Filter>Source Files\BL</Filter>
    </ClCompile>
    <ClCompile Include="FileTranslator.cpp">
      <Filter>Source Files\BL</Filter>
    </ClCompile>
    <ClCompile Include="BLWrapper.cpp">
      <Filter>Source Files\BL</Filter>
    </ClCompile>
    <ClCompile Include="StringTranslator.cpp">
      <Filter>Source Files\BL</Filter>
    </ClCompile>
    <ClCompile Include="UIWrapper.cpp">
      <Filter>Source Files\UI</Filter>
    </ClCompile>
    <ClCompile Include="ViewDictionary.cpp">
      <Filter>Source Files\BL</Filter>
    </ClCompile>
  </ItemGroup>
  <ItemGroup>
    <ClInclude Include="Application.h">
      <Filter>Header Files</Filter>
    </ClInclude>
    <ClInclude Include="Screen.h">
      <Filter>Header Files\UI</Filter>
    </ClInclude>
    <ClInclude Include="ScreenID.h">
      <Filter>Header Files\UI</Filter>
    </ClInclude>
    <ClInclude Include="TransitionsEnum.h">
      <Filter>Header Files\UI</Filter>
    </ClInclude>
    <ClInclude Include="TransitionsSwitcher.h">
      <Filter>Header Files\UI</Filter>
    </ClInclude>
    <ClInclude Include="UiFactory.h">
      <Filter>Header Files\UI</Filter>
    </ClInclude>
    <ClInclude Include="UiTester.h">
      <Filter>Header Files\UI</Filter>
    </ClInclude>
    <ClInclude Include="View.h">
      <Filter>Header Files\UI</Filter>
    </ClInclude>
    <ClInclude Include="DataAccessor.h">
      <Filter>Header Files\DL</Filter>
    </ClInclude>
    <ClInclude Include="DLWrapper.h">
      <Filter>Header Files\DL</Filter>
    </ClInclude>
    <ClInclude Include="BLWrapper.h">
      <Filter>Header Files\BL</Filter>
    </ClInclude>
    <ClInclude Include="FileTranslator.h">
      <Filter>Header Files\BL</Filter>
    </ClInclude>
    <ClInclude Include="TranslateManager.h">
      <Filter>Header Files\BL</Filter>
    </ClInclude>
    <ClInclude Include="WordSaver.h">
      <Filter>Header Files\BL</Filter>
    </ClInclude>
    <ClInclude Include="WordTranslator.h">
      <Filter>Header Files\BL</Filter>
    </ClInclude>
    <ClInclude Include="StringTranslator.h">
      <Filter>Header Files\BL</Filter>
    </ClInclude>
    <ClInclude Include="UIWrapper.h">
      <Filter>Header Files\UI</Filter>
    </ClInclude>
    <ClInclude Include="ViewDictionary.h">
      <Filter>Header Files\BL</Filter>
    </ClInclude>
  </ItemGroup>
</Project>